
Microsoft Visual Studio Solution File, Format Version 12.00
# Visual Studio 15
VisualStudioVersion = 15.0.27428.2037
MinimumVisualStudioVersion = 10.0.40219.1
Project("{9A19103F-16F7-4668-BE54-9A1E7A4F7556}") = "NetStructs", "NetStructs\NetStructs.csproj", "{8548BA05-3CA1-44FD-84DE-6A117A6509E4}"
EndProject
Project("{FAE04EC0-301F-11D3-BF4B-00C04F79EFBC}") = "NetStructs.Test", "NetStructs.Test\NetStructs.Test.csproj", "{67BF5AE7-DA21-479E-9545-9FAC371C33AF}"
EndProject
Global
	GlobalSection(SolutionConfigurationPlatforms) = preSolution
		Debug|Any CPU = Debug|Any CPU
		Release|Any CPU = Release|Any CPU
	EndGlobalSection
	GlobalSection(ProjectConfigurationPlatforms) = postSolution
		{8548BA05-3CA1-44FD-84DE-6A117A6509E4}.Debug|Any CPU.ActiveCfg = Debug|Any CPU
		{8548BA05-3CA1-44FD-84DE-6A117A6509E4}.Debug|Any CPU.Build.0 = Debug|Any CPU
		{8548BA05-3CA1-44FD-84DE-6A117A6509E4}.Release|Any CPU.ActiveCfg = Release|Any CPU
		{8548BA05-3CA1-44FD-84DE-6A117A6509E4}.Release|Any CPU.Build.0 = Release|Any CPU
		{67BF5AE7-DA21-479E-9545-9FAC371C33AF}.Debug|Any CPU.ActiveCfg = Debug|Any CPU
		{67BF5AE7-DA21-479E-9545-9FAC371C33AF}.Debug|Any CPU.Build.0 = Debug|Any CPU
		{67BF5AE7-DA21-479E-9545-9FAC371C33AF}.Release|Any CPU.ActiveCfg = Release|Any CPU
		{67BF5AE7-DA21-479E-9545-9FAC371C33AF}.Release|Any CPU.Build.0 = Release|Any CPU
	EndGlobalSection
	GlobalSection(SolutionProperties) = preSolution
		HideSolutionNode = FALSE
	EndGlobalSection
	GlobalSection(ExtensibilityGlobals) = postSolution
		SolutionGuid = {E5A872B7-8405-4619-84FB-4104DA691C2E}
	EndGlobalSection
EndGlobal
